// !$*UTF8*$!
{
	archiveVersion = 1;
	classes = {
	};
	objectVersion = 46;
	objects = {

/* Begin PBXBuildFile section */
		0091D8F90E81B9330029341E /* OpenGL.framework in Frameworks */ = {isa = PBXBuildFile; fileRef = 0091D8F80E81B9330029341E /* OpenGL.framework */; };
		0097E3E50F3E9819005A4392 /* QuickTime.framework in Frameworks */ = {isa = PBXBuildFile; fileRef = 0097E3E40F3E9819005A4392 /* QuickTime.framework */; };
		00C0735B0FF32F8B004801EA /* Accelerate.framework in Frameworks */ = {isa = PBXBuildFile; fileRef = 00C073570FF32F8B004801EA /* Accelerate.framework */; };
		00C0735C0FF32F8B004801EA /* AudioToolbox.framework in Frameworks */ = {isa = PBXBuildFile; fileRef = 00C073580FF32F8B004801EA /* AudioToolbox.framework */; };
		00C0735D0FF32F8B004801EA /* AudioUnit.framework in Frameworks */ = {isa = PBXBuildFile; fileRef = 00C073590FF32F8B004801EA /* AudioUnit.framework */; };
		00C0735E0FF32F8B004801EA /* CoreAudio.framework in Frameworks */ = {isa = PBXBuildFile; fileRef = 00C0735A0FF32F8B004801EA /* CoreAudio.framework */; };
		00E0B6150F60DE8F002C8FBD /* ApplicationServices.framework in Frameworks */ = {isa = PBXBuildFile; fileRef = 00E0B6140F60DE8F002C8FBD /* ApplicationServices.framework */; };
		00E9FF3515AFD8E800D02D22 /* CoreLocation.framework in Frameworks */ = {isa = PBXBuildFile; fileRef = 00E9FF3415AFD8E700D02D22 /* CoreLocation.framework */; };
		3C1C7D691AC9D03600F41619 /* CMakeLists.txt in Resources */ = {isa = PBXBuildFile; fileRef = 3C1C7D001AC9D03600F41619 /* CMakeLists.txt */; };
		3C1C7D6B1AC9FE3200F41619 /* AVFoundation.framework in Frameworks */ = {isa = PBXBuildFile; fileRef = 3C1C7D6A1AC9FE3200F41619 /* AVFoundation.framework */; };
		3C1C7D6D1AC9FE3C00F41619 /* CoreMedia.framework in Frameworks */ = {isa = PBXBuildFile; fileRef = 3C1C7D6C1AC9FE3C00F41619 /* CoreMedia.framework */; };
		5323E6B20EAFCA74003A9687 /* CoreVideo.framework in Frameworks */ = {isa = PBXBuildFile; fileRef = 5323E6B10EAFCA74003A9687 /* CoreVideo.framework */; };
		5323E6B60EAFCA7E003A9687 /* QTKit.framework in Frameworks */ = {isa = PBXBuildFile; fileRef = 5323E6B50EAFCA7E003A9687 /* QTKit.framework */; };
		53E3CDFC0E86099300238D2B /* Carbon.framework in Frameworks */ = {isa = PBXBuildFile; fileRef = 53E3CDFB0E86099300238D2B /* Carbon.framework */; };
		8D11072F0486CEB800E47090 /* Cocoa.framework in Frameworks */ = {isa = PBXBuildFile; fileRef = 1058C7A1FEA54F0111CA2CBB /* Cocoa.framework */; };
		AE2F0EDD174D5E0200EC61B1 /* WebSocketServer.cpp in Sources */ = {isa = PBXBuildFile; fileRef = AE2F0EDB174D5E0200EC61B1 /* WebSocketServer.cpp */; };
		AE2F0EE0174D66A500EC61B1 /* WebSocketConnection.cpp in Sources */ = {isa = PBXBuildFile; fileRef = AE2F0EDF174D66A500EC61B1 /* WebSocketConnection.cpp */; };
		BF3B8D5E173A19DB00377DF5 /* WebSocketClient.cpp in Sources */ = {isa = PBXBuildFile; fileRef = BF3B8CEA173A19DA00377DF5 /* WebSocketClient.cpp */; };
		BF3B8D69173A19EA00377DF5 /* ServerApp.cpp in Sources */ = {isa = PBXBuildFile; fileRef = BF3B8D68173A19EA00377DF5 /* ServerApp.cpp */; };
		BF3B8D6B173A1A0000377DF5 /* CinderApp.icns in Resources */ = {isa = PBXBuildFile; fileRef = BF3B8D6A173A1A0000377DF5 /* CinderApp.icns */; };
/* End PBXBuildFile section */

/* Begin PBXFileReference section */
		0091D8F80E81B9330029341E /* OpenGL.framework */ = {isa = PBXFileReference; lastKnownFileType = wrapper.framework; name = OpenGL.framework; path = /System/Library/Frameworks/OpenGL.framework; sourceTree = "<absolute>"; };
		0097E3E40F3E9819005A4392 /* QuickTime.framework */ = {isa = PBXFileReference; lastKnownFileType = wrapper.framework; name = QuickTime.framework; path = /System/Library/Frameworks/QuickTime.framework; sourceTree = "<absolute>"; };
		00C073570FF32F8B004801EA /* Accelerate.framework */ = {isa = PBXFileReference; lastKnownFileType = wrapper.framework; name = Accelerate.framework; path = System/Library/Frameworks/Accelerate.framework; sourceTree = SDKROOT; };
		00C073580FF32F8B004801EA /* AudioToolbox.framework */ = {isa = PBXFileReference; lastKnownFileType = wrapper.framework; name = AudioToolbox.framework; path = System/Library/Frameworks/AudioToolbox.framework; sourceTree = SDKROOT; };
		00C073590FF32F8B004801EA /* AudioUnit.framework */ = {isa = PBXFileReference; lastKnownFileType = wrapper.framework; name = AudioUnit.framework; path = System/Library/Frameworks/AudioUnit.framework; sourceTree = SDKROOT; };
		00C0735A0FF32F8B004801EA /* CoreAudio.framework */ = {isa = PBXFileReference; lastKnownFileType = wrapper.framework; name = CoreAudio.framework; path = System/Library/Frameworks/CoreAudio.framework; sourceTree = SDKROOT; };
		00E0B6140F60DE8F002C8FBD /* ApplicationServices.framework */ = {isa = PBXFileReference; lastKnownFileType = wrapper.framework; name = ApplicationServices.framework; path = System/Library/Frameworks/ApplicationServices.framework; sourceTree = SDKROOT; };
		00E9FF3415AFD8E700D02D22 /* CoreLocation.framework */ = {isa = PBXFileReference; lastKnownFileType = wrapper.framework; name = CoreLocation.framework; path = System/Library/Frameworks/CoreLocation.framework; sourceTree = SDKROOT; };
		1058C7A1FEA54F0111CA2CBB /* Cocoa.framework */ = {isa = PBXFileReference; lastKnownFileType = wrapper.framework; name = Cocoa.framework; path = /System/Library/Frameworks/Cocoa.framework; sourceTree = "<absolute>"; };
		13E42FB307B3F0F600E4EEF1 /* CoreData.framework */ = {isa = PBXFileReference; lastKnownFileType = wrapper.framework; name = CoreData.framework; path = /System/Library/Frameworks/CoreData.framework; sourceTree = "<absolute>"; };
		29B97324FDCFA39411CA2CEA /* AppKit.framework */ = {isa = PBXFileReference; lastKnownFileType = wrapper.framework; name = AppKit.framework; path = /System/Library/Frameworks/AppKit.framework; sourceTree = "<absolute>"; };
		29B97325FDCFA39411CA2CEA /* Foundation.framework */ = {isa = PBXFileReference; lastKnownFileType = wrapper.framework; name = Foundation.framework; path = /System/Library/Frameworks/Foundation.framework; sourceTree = "<absolute>"; };
		32CA4F630368D1EE00C91783 /* ServerApp_Prefix.pch */ = {isa = PBXFileReference; fileEncoding = 4; lastKnownFileType = sourcecode.c.h; path = ServerApp_Prefix.pch; sourceTree = "<group>"; };
		3C1C7CFD1AC9D03600F41619 /* base64.hpp */ = {isa = PBXFileReference; fileEncoding = 4; lastKnownFileType = sourcecode.cpp.h; path = base64.hpp; sourceTree = "<group>"; };
		3C1C7CFE1AC9D03600F41619 /* client.hpp */ = {isa = PBXFileReference; fileEncoding = 4; lastKnownFileType = sourcecode.cpp.h; path = client.hpp; sourceTree = "<group>"; };
		3C1C7CFF1AC9D03600F41619 /* close.hpp */ = {isa = PBXFileReference; fileEncoding = 4; lastKnownFileType = sourcecode.cpp.h; path = close.hpp; sourceTree = "<group>"; };
		3C1C7D001AC9D03600F41619 /* CMakeLists.txt */ = {isa = PBXFileReference; fileEncoding = 4; lastKnownFileType = text; path = CMakeLists.txt; sourceTree = "<group>"; };
		3C1C7D021AC9D03600F41619 /* chrono.hpp */ = {isa = PBXFileReference; fileEncoding = 4; lastKnownFileType = sourcecode.cpp.h; path = chrono.hpp; sourceTree = "<group>"; };
		3C1C7D031AC9D03600F41619 /* connection_hdl.hpp */ = {isa = PBXFileReference; fileEncoding = 4; lastKnownFileType = sourcecode.cpp.h; path = connection_hdl.hpp; sourceTree = "<group>"; };
		3C1C7D041AC9D03600F41619 /* cpp11.hpp */ = {isa = PBXFileReference; fileEncoding = 4; lastKnownFileType = sourcecode.cpp.h; path = cpp11.hpp; sourceTree = "<group>"; };
		3C1C7D051AC9D03600F41619 /* functional.hpp */ = {isa = PBXFileReference; fileEncoding = 4; lastKnownFileType = sourcecode.cpp.h; path = functional.hpp; sourceTree = "<group>"; };
		3C1C7D061AC9D03600F41619 /* md5.hpp */ = {isa = PBXFileReference; fileEncoding = 4; lastKnownFileType = sourcecode.cpp.h; path = md5.hpp; sourceTree = "<group>"; };
		3C1C7D071AC9D03600F41619 /* memory.hpp */ = {isa = PBXFileReference; fileEncoding = 4; lastKnownFileType = sourcecode.cpp.h; path = memory.hpp; sourceTree = "<group>"; };
		3C1C7D081AC9D03600F41619 /* network.hpp */ = {isa = PBXFileReference; fileEncoding = 4; lastKnownFileType = sourcecode.cpp.h; path = network.hpp; sourceTree = "<group>"; };
		3C1C7D091AC9D03600F41619 /* platforms.hpp */ = {isa = PBXFileReference; fileEncoding = 4; lastKnownFileType = sourcecode.cpp.h; path = platforms.hpp; sourceTree = "<group>"; };
		3C1C7D0A1AC9D03600F41619 /* random.hpp */ = {isa = PBXFileReference; fileEncoding = 4; lastKnownFileType = sourcecode.cpp.h; path = random.hpp; sourceTree = "<group>"; };
		3C1C7D0B1AC9D03600F41619 /* regex.hpp */ = {isa = PBXFileReference; fileEncoding = 4; lastKnownFileType = sourcecode.cpp.h; path = regex.hpp; sourceTree = "<group>"; };
		3C1C7D0C1AC9D03600F41619 /* stdint.hpp */ = {isa = PBXFileReference; fileEncoding = 4; lastKnownFileType = sourcecode.cpp.h; path = stdint.hpp; sourceTree = "<group>"; };
		3C1C7D0D1AC9D03600F41619 /* system_error.hpp */ = {isa = PBXFileReference; fileEncoding = 4; lastKnownFileType = sourcecode.cpp.h; path = system_error.hpp; sourceTree = "<group>"; };
		3C1C7D0E1AC9D03600F41619 /* thread.hpp */ = {isa = PBXFileReference; fileEncoding = 4; lastKnownFileType = sourcecode.cpp.h; path = thread.hpp; sourceTree = "<group>"; };
		3C1C7D0F1AC9D03600F41619 /* time.hpp */ = {isa = PBXFileReference; fileEncoding = 4; lastKnownFileType = sourcecode.cpp.h; path = time.hpp; sourceTree = "<group>"; };
		3C1C7D111AC9D03600F41619 /* basic.hpp */ = {isa = PBXFileReference; fileEncoding = 4; lastKnownFileType = sourcecode.cpp.h; path = basic.hpp; sourceTree = "<group>"; };
		3C1C7D121AC9D03600F41619 /* none.hpp */ = {isa = PBXFileReference; fileEncoding = 4; lastKnownFileType = sourcecode.cpp.h; path = none.hpp; sourceTree = "<group>"; };
		3C1C7D141AC9D03600F41619 /* asio.hpp */ = {isa = PBXFileReference; fileEncoding = 4; lastKnownFileType = sourcecode.cpp.h; path = asio.hpp; sourceTree = "<group>"; };
		3C1C7D151AC9D03600F41619 /* asio_client.hpp */ = {isa = PBXFileReference; fileEncoding = 4; lastKnownFileType = sourcecode.cpp.h; path = asio_client.hpp; sourceTree = "<group>"; };
		3C1C7D161AC9D03600F41619 /* asio_no_tls.hpp */ = {isa = PBXFileReference; fileEncoding = 4; lastKnownFileType = sourcecode.cpp.h; path = asio_no_tls.hpp; sourceTree = "<group>"; };
		3C1C7D171AC9D03600F41619 /* asio_no_tls_client.hpp */ = {isa = PBXFileReference; fileEncoding = 4; lastKnownFileType = sourcecode.cpp.h; path = asio_no_tls_client.hpp; sourceTree = "<group>"; };
		3C1C7D181AC9D03600F41619 /* boost_config.hpp */ = {isa = PBXFileReference; fileEncoding = 4; lastKnownFileType = sourcecode.cpp.h; path = boost_config.hpp; sourceTree = "<group>"; };
		3C1C7D191AC9D03600F41619 /* core.hpp */ = {isa = PBXFileReference; fileEncoding = 4; lastKnownFileType = sourcecode.cpp.h; path = core.hpp; sourceTree = "<group>"; };
		3C1C7D1A1AC9D03600F41619 /* core_client.hpp */ = {isa = PBXFileReference; fileEncoding = 4; lastKnownFileType = sourcecode.cpp.h; path = core_client.hpp; sourceTree = "<group>"; };
		3C1C7D1B1AC9D03600F41619 /* debug.hpp */ = {isa = PBXFileReference; fileEncoding = 4; lastKnownFileType = sourcecode.cpp.h; path = debug.hpp; sourceTree = "<group>"; };
		3C1C7D1C1AC9D03600F41619 /* debug_asio.hpp */ = {isa = PBXFileReference; fileEncoding = 4; lastKnownFileType = sourcecode.cpp.h; path = debug_asio.hpp; sourceTree = "<group>"; };
		3C1C7D1D1AC9D03600F41619 /* debug_asio_no_tls.hpp */ = {isa = PBXFileReference; fileEncoding = 4; lastKnownFileType = sourcecode.cpp.h; path = debug_asio_no_tls.hpp; sourceTree = "<group>"; };
		3C1C7D1E1AC9D03600F41619 /* minimal_client.hpp */ = {isa = PBXFileReference; fileEncoding = 4; lastKnownFileType = sourcecode.cpp.h; path = minimal_client.hpp; sourceTree = "<group>"; };
		3C1C7D1F1AC9D03600F41619 /* minimal_server.hpp */ = {isa = PBXFileReference; fileEncoding = 4; lastKnownFileType = sourcecode.cpp.h; path = minimal_server.hpp; sourceTree = "<group>"; };
		3C1C7D201AC9D03600F41619 /* connection.hpp */ = {isa = PBXFileReference; fileEncoding = 4; lastKnownFileType = sourcecode.cpp.h; path = connection.hpp; sourceTree = "<group>"; };
		3C1C7D211AC9D03600F41619 /* connection_base.hpp */ = {isa = PBXFileReference; fileEncoding = 4; lastKnownFileType = sourcecode.cpp.h; path = connection_base.hpp; sourceTree = "<group>"; };
		3C1C7D221AC9D03600F41619 /* endpoint.hpp */ = {isa = PBXFileReference; fileEncoding = 4; lastKnownFileType = sourcecode.cpp.h; path = endpoint.hpp; sourceTree = "<group>"; };
		3C1C7D231AC9D03600F41619 /* endpoint_base.hpp */ = {isa = PBXFileReference; fileEncoding = 4; lastKnownFileType = sourcecode.cpp.h; path = endpoint_base.hpp; sourceTree = "<group>"; };
		3C1C7D241AC9D03600F41619 /* error.hpp */ = {isa = PBXFileReference; fileEncoding = 4; lastKnownFileType = sourcecode.cpp.h; path = error.hpp; sourceTree = "<group>"; };
		3C1C7D251AC9D03600F41619 /* error_container.hpp */ = {isa = PBXFileReference; fileEncoding = 4; lastKnownFileType = sourcecode.cpp.h; path = error_container.hpp; sourceTree = "<group>"; };
		3C1C7D271AC9D03600F41619 /* extension.hpp */ = {isa = PBXFileReference; fileEncoding = 4; lastKnownFileType = sourcecode.cpp.h; path = extension.hpp; sourceTree = "<group>"; };
		3C1C7D291AC9D03600F41619 /* disabled.hpp */ = {isa = PBXFileReference; fileEncoding = 4; lastKnownFileType = sourcecode.cpp.h; path = disabled.hpp; sourceTree = "<group>"; };
		3C1C7D2A1AC9D03600F41619 /* enabled.hpp */ = {isa = PBXFileReference; fileEncoding = 4; lastKnownFileType = sourcecode.cpp.h; path = enabled.hpp; sourceTree = "<group>"; };
		3C1C7D2B1AC9D03600F41619 /* frame.hpp */ = {isa = PBXFileReference; fileEncoding = 4; lastKnownFileType = sourcecode.cpp.h; path = frame.hpp; sourceTree = "<group>"; };
		3C1C7D2D1AC9D03600F41619 /* constants.hpp */ = {isa = PBXFileReference; fileEncoding = 4; lastKnownFileType = sourcecode.cpp.h; path = constants.hpp; sourceTree = "<group>"; };
		3C1C7D2F1AC9D03600F41619 /* parser.hpp */ = {isa = PBXFileReference; fileEncoding = 4; lastKnownFileType = sourcecode.cpp.h; path = parser.hpp; sourceTree = "<group>"; };
		3C1C7D301AC9D03600F41619 /* request.hpp */ = {isa = PBXFileReference; fileEncoding = 4; lastKnownFileType = sourcecode.cpp.h; path = request.hpp; sourceTree = "<group>"; };
		3C1C7D311AC9D03600F41619 /* response.hpp */ = {isa = PBXFileReference; fileEncoding = 4; lastKnownFileType = sourcecode.cpp.h; path = response.hpp; sourceTree = "<group>"; };
		3C1C7D321AC9D03600F41619 /* parser.hpp */ = {isa = PBXFileReference; fileEncoding = 4; lastKnownFileType = sourcecode.cpp.h; path = parser.hpp; sourceTree = "<group>"; };
		3C1C7D331AC9D03600F41619 /* request.hpp */ = {isa = PBXFileReference; fileEncoding = 4; lastKnownFileType = sourcecode.cpp.h; path = request.hpp; sourceTree = "<group>"; };
		3C1C7D341AC9D03600F41619 /* response.hpp */ = {isa = PBXFileReference; fileEncoding = 4; lastKnownFileType = sourcecode.cpp.h; path = response.hpp; sourceTree = "<group>"; };
		3C1C7D361AC9D03600F41619 /* connection_impl.hpp */ = {isa = PBXFileReference; fileEncoding = 4; lastKnownFileType = sourcecode.cpp.h; path = connection_impl.hpp; sourceTree = "<group>"; };
		3C1C7D371AC9D03600F41619 /* endpoint_impl.hpp */ = {isa = PBXFileReference; fileEncoding = 4; lastKnownFileType = sourcecode.cpp.h; path = endpoint_impl.hpp; sourceTree = "<group>"; };
		3C1C7D381AC9D03600F41619 /* utilities_impl.hpp */ = {isa = PBXFileReference; fileEncoding = 4; lastKnownFileType = sourcecode.cpp.h; path = utilities_impl.hpp; sourceTree = "<group>"; };
		3C1C7D3A1AC9D03600F41619 /* basic.hpp */ = {isa = PBXFileReference; fileEncoding = 4; lastKnownFileType = sourcecode.cpp.h; path = basic.hpp; sourceTree = "<group>"; };
		3C1C7D3B1AC9D03600F41619 /* levels.hpp */ = {isa = PBXFileReference; fileEncoding = 4; lastKnownFileType = sourcecode.cpp.h; path = levels.hpp; sourceTree = "<group>"; };
		3C1C7D3C1AC9D03600F41619 /* stub.hpp */ = {isa = PBXFileReference; fileEncoding = 4; lastKnownFileType = sourcecode.cpp.h; path = stub.hpp; sourceTree = "<group>"; };
		3C1C7D3E1AC9D03600F41619 /* alloc.hpp */ = {isa = PBXFileReference; fileEncoding = 4; lastKnownFileType = sourcecode.cpp.h; path = alloc.hpp; sourceTree = "<group>"; };
		3C1C7D3F1AC9D03600F41619 /* message.hpp */ = {isa = PBXFileReference; fileEncoding = 4; lastKnownFileType = sourcecode.cpp.h; path = message.hpp; sourceTree = "<group>"; };
		3C1C7D401AC9D03600F41619 /* pool.hpp */ = {isa = PBXFileReference; fileEncoding = 4; lastKnownFileType = sourcecode.cpp.h; path = pool.hpp; sourceTree = "<group>"; };
		3C1C7D421AC9D03600F41619 /* base.hpp */ = {isa = PBXFileReference; fileEncoding = 4; lastKnownFileType = sourcecode.cpp.h; path = base.hpp; sourceTree = "<group>"; };
		3C1C7D431AC9D03600F41619 /* hybi00.hpp */ = {isa = PBXFileReference; fileEncoding = 4; lastKnownFileType = sourcecode.cpp.h; path = hybi00.hpp; sourceTree = "<group>"; };
		3C1C7D441AC9D03600F41619 /* hybi07.hpp */ = {isa = PBXFileReference; fileEncoding = 4; lastKnownFileType = sourcecode.cpp.h; path = hybi07.hpp; sourceTree = "<group>"; };
		3C1C7D451AC9D03600F41619 /* hybi08.hpp */ = {isa = PBXFileReference; fileEncoding = 4; lastKnownFileType = sourcecode.cpp.h; path = hybi08.hpp; sourceTree = "<group>"; };
		3C1C7D461AC9D03600F41619 /* hybi13.hpp */ = {isa = PBXFileReference; fileEncoding = 4; lastKnownFileType = sourcecode.cpp.h; path = hybi13.hpp; sourceTree = "<group>"; };
		3C1C7D471AC9D03600F41619 /* processor.hpp */ = {isa = PBXFileReference; fileEncoding = 4; lastKnownFileType = sourcecode.cpp.h; path = processor.hpp; sourceTree = "<group>"; };
		3C1C7D491AC9D03600F41619 /* none.hpp */ = {isa = PBXFileReference; fileEncoding = 4; lastKnownFileType = sourcecode.cpp.h; path = none.hpp; sourceTree = "<group>"; };
		3C1C7D4A1AC9D03600F41619 /* random_device.hpp */ = {isa = PBXFileReference; fileEncoding = 4; lastKnownFileType = sourcecode.cpp.h; path = random_device.hpp; sourceTree = "<group>"; };
		3C1C7D4C1AC9D03600F41619 /* client_endpoint.hpp */ = {isa = PBXFileReference; fileEncoding = 4; lastKnownFileType = sourcecode.cpp.h; path = client_endpoint.hpp; sourceTree = "<group>"; };
		3C1C7D4D1AC9D03600F41619 /* server_endpoint.hpp */ = {isa = PBXFileReference; fileEncoding = 4; lastKnownFileType = sourcecode.cpp.h; path = server_endpoint.hpp; sourceTree = "<group>"; };
		3C1C7D4E1AC9D03600F41619 /* server.hpp */ = {isa = PBXFileReference; fileEncoding = 4; lastKnownFileType = sourcecode.cpp.h; path = server.hpp; sourceTree = "<group>"; };
		3C1C7D501AC9D03600F41619 /* sha1.hpp */ = {isa = PBXFileReference; fileEncoding = 4; lastKnownFileType = sourcecode.cpp.h; path = sha1.hpp; sourceTree = "<group>"; };
		3C1C7D531AC9D03600F41619 /* base.hpp */ = {isa = PBXFileReference; fileEncoding = 4; lastKnownFileType = sourcecode.cpp.h; path = base.hpp; sourceTree = "<group>"; };
		3C1C7D541AC9D03600F41619 /* connection.hpp */ = {isa = PBXFileReference; fileEncoding = 4; lastKnownFileType = sourcecode.cpp.h; path = connection.hpp; sourceTree = "<group>"; };
		3C1C7D551AC9D03600F41619 /* endpoint.hpp */ = {isa = PBXFileReference; fileEncoding = 4; lastKnownFileType = sourcecode.cpp.h; path = endpoint.hpp; sourceTree = "<group>"; };
		3C1C7D571AC9D03600F41619 /* base.hpp */ = {isa = PBXFileReference; fileEncoding = 4; lastKnownFileType = sourcecode.cpp.h; path = base.hpp; sourceTree = "<group>"; };
		3C1C7D581AC9D03600F41619 /* none.hpp */ = {isa = PBXFileReference; fileEncoding = 4; lastKnownFileType = sourcecode.cpp.h; path = none.hpp; sourceTree = "<group>"; };
		3C1C7D591AC9D03600F41619 /* tls.hpp */ = {isa = PBXFileReference; fileEncoding = 4; lastKnownFileType = sourcecode.cpp.h; path = tls.hpp; sourceTree = "<group>"; };
		3C1C7D5B1AC9D03600F41619 /* connection.hpp */ = {isa = PBXFileReference; fileEncoding = 4; lastKnownFileType = sourcecode.cpp.h; path = connection.hpp; sourceTree = "<group>"; };
		3C1C7D5C1AC9D03600F41619 /* endpoint.hpp */ = {isa = PBXFileReference; fileEncoding = 4; lastKnownFileType = sourcecode.cpp.h; path = endpoint.hpp; sourceTree = "<group>"; };
		3C1C7D5E1AC9D03600F41619 /* base.hpp */ = {isa = PBXFileReference; fileEncoding = 4; lastKnownFileType = sourcecode.cpp.h; path = base.hpp; sourceTree = "<group>"; };
		3C1C7D5F1AC9D03600F41619 /* connection.hpp */ = {isa = PBXFileReference; fileEncoding = 4; lastKnownFileType = sourcecode.cpp.h; path = connection.hpp; sourceTree = "<group>"; };
		3C1C7D601AC9D03600F41619 /* endpoint.hpp */ = {isa = PBXFileReference; fileEncoding = 4; lastKnownFileType = sourcecode.cpp.h; path = endpoint.hpp; sourceTree = "<group>"; };
		3C1C7D621AC9D03600F41619 /* base.hpp */ = {isa = PBXFileReference; fileEncoding = 4; lastKnownFileType = sourcecode.cpp.h; path = base.hpp; sourceTree = "<group>"; };
		3C1C7D631AC9D03600F41619 /* connection.hpp */ = {isa = PBXFileReference; fileEncoding = 4; lastKnownFileType = sourcecode.cpp.h; path = connection.hpp; sourceTree = "<group>"; };
		3C1C7D641AC9D03600F41619 /* endpoint.hpp */ = {isa = PBXFileReference; fileEncoding = 4; lastKnownFileType = sourcecode.cpp.h; path = endpoint.hpp; sourceTree = "<group>"; };
		3C1C7D651AC9D03600F41619 /* uri.hpp */ = {isa = PBXFileReference; fileEncoding = 4; lastKnownFileType = sourcecode.cpp.h; path = uri.hpp; sourceTree = "<group>"; };
		3C1C7D661AC9D03600F41619 /* utf8_validator.hpp */ = {isa = PBXFileReference; fileEncoding = 4; lastKnownFileType = sourcecode.cpp.h; path = utf8_validator.hpp; sourceTree = "<group>"; };
		3C1C7D671AC9D03600F41619 /* utilities.hpp */ = {isa = PBXFileReference; fileEncoding = 4; lastKnownFileType = sourcecode.cpp.h; path = utilities.hpp; sourceTree = "<group>"; };
		3C1C7D681AC9D03600F41619 /* version.hpp */ = {isa = PBXFileReference; fileEncoding = 4; lastKnownFileType = sourcecode.cpp.h; path = version.hpp; sourceTree = "<group>"; };
		3C1C7D6A1AC9FE3200F41619 /* AVFoundation.framework */ = {isa = PBXFileReference; lastKnownFileType = wrapper.framework; name = AVFoundation.framework; path = System/Library/Frameworks/AVFoundation.framework; sourceTree = SDKROOT; };
		3C1C7D6C1AC9FE3C00F41619 /* CoreMedia.framework */ = {isa = PBXFileReference; lastKnownFileType = wrapper.framework; name = CoreMedia.framework; path = System/Library/Frameworks/CoreMedia.framework; sourceTree = SDKROOT; };
		5323E6B10EAFCA74003A9687 /* CoreVideo.framework */ = {isa = PBXFileReference; lastKnownFileType = wrapper.framework; name = CoreVideo.framework; path = /System/Library/Frameworks/CoreVideo.framework; sourceTree = "<absolute>"; };
		5323E6B50EAFCA7E003A9687 /* QTKit.framework */ = {isa = PBXFileReference; lastKnownFileType = wrapper.framework; name = QTKit.framework; path = /System/Library/Frameworks/QTKit.framework; sourceTree = "<absolute>"; };
		53E3CDFB0E86099300238D2B /* Carbon.framework */ = {isa = PBXFileReference; lastKnownFileType = wrapper.framework; name = Carbon.framework; path = /System/Library/Frameworks/Carbon.framework; sourceTree = "<absolute>"; };
		8D1107310486CEB800E47090 /* Info.plist */ = {isa = PBXFileReference; fileEncoding = 4; lastKnownFileType = text.plist.xml; path = Info.plist; sourceTree = "<group>"; };
		8D1107320486CEB800E47090 /* ServerApp.app */ = {isa = PBXFileReference; explicitFileType = wrapper.application; includeInIndex = 0; path = ServerApp.app; sourceTree = BUILT_PRODUCTS_DIR; };
		AE2F0EDB174D5E0200EC61B1 /* WebSocketServer.cpp */ = {isa = PBXFileReference; fileEncoding = 4; lastKnownFileType = sourcecode.cpp.cpp; name = WebSocketServer.cpp; path = ../../../src/WebSocketServer.cpp; sourceTree = "<group>"; };
		AE2F0EDC174D5E0200EC61B1 /* WebSocketServer.h */ = {isa = PBXFileReference; fileEncoding = 4; lastKnownFileType = sourcecode.c.h; name = WebSocketServer.h; path = ../../../src/WebSocketServer.h; sourceTree = "<group>"; };
		AE2F0EDE174D664900EC61B1 /* WebSocketConnection.h */ = {isa = PBXFileReference; lastKnownFileType = sourcecode.c.h; name = WebSocketConnection.h; path = ../../../src/WebSocketConnection.h; sourceTree = "<group>"; };
		AE2F0EDF174D66A500EC61B1 /* WebSocketConnection.cpp */ = {isa = PBXFileReference; fileEncoding = 4; lastKnownFileType = sourcecode.cpp.cpp; name = WebSocketConnection.cpp; path = ../../../src/WebSocketConnection.cpp; sourceTree = "<group>"; };
		BF3B8CEA173A19DA00377DF5 /* WebSocketClient.cpp */ = {isa = PBXFileReference; fileEncoding = 4; lastKnownFileType = sourcecode.cpp.cpp; name = WebSocketClient.cpp; path = ../../../src/WebSocketClient.cpp; sourceTree = "<group>"; };
		BF3B8CEB173A19DA00377DF5 /* WebSocketClient.h */ = {isa = PBXFileReference; fileEncoding = 4; lastKnownFileType = sourcecode.c.h; name = WebSocketClient.h; path = ../../../src/WebSocketClient.h; sourceTree = "<group>"; };
		BF3B8D68173A19EA00377DF5 /* ServerApp.cpp */ = {isa = PBXFileReference; fileEncoding = 4; lastKnownFileType = sourcecode.cpp.cpp; name = ServerApp.cpp; path = ../src/ServerApp.cpp; sourceTree = "<group>"; };
		BF3B8D6A173A1A0000377DF5 /* CinderApp.icns */ = {isa = PBXFileReference; lastKnownFileType = image.icns; path = CinderApp.icns; sourceTree = "<group>"; };
/* End PBXFileReference section */

/* Begin PBXFrameworksBuildPhase section */
		8D11072E0486CEB800E47090 /* Frameworks */ = {
			isa = PBXFrameworksBuildPhase;
			buildActionMask = 2147483647;
			files = (
				00E9FF3515AFD8E800D02D22 /* CoreLocation.framework in Frameworks */,
				8D11072F0486CEB800E47090 /* Cocoa.framework in Frameworks */,
				0091D8F90E81B9330029341E /* OpenGL.framework in Frameworks */,
				53E3CDFC0E86099300238D2B /* Carbon.framework in Frameworks */,
				5323E6B20EAFCA74003A9687 /* CoreVideo.framework in Frameworks */,
				5323E6B60EAFCA7E003A9687 /* QTKit.framework in Frameworks */,
				3C1C7D6D1AC9FE3C00F41619 /* CoreMedia.framework in Frameworks */,
				0097E3E50F3E9819005A4392 /* QuickTime.framework in Frameworks */,
				00E0B6150F60DE8F002C8FBD /* ApplicationServices.framework in Frameworks */,
				00C0735B0FF32F8B004801EA /* Accelerate.framework in Frameworks */,
				00C0735C0FF32F8B004801EA /* AudioToolbox.framework in Frameworks */,
				00C0735D0FF32F8B004801EA /* AudioUnit.framework in Frameworks */,
				00C0735E0FF32F8B004801EA /* CoreAudio.framework in Frameworks */,
				3C1C7D6B1AC9FE3200F41619 /* AVFoundation.framework in Frameworks */,
			);
			runOnlyForDeploymentPostprocessing = 0;
		};
/* End PBXFrameworksBuildPhase section */

/* Begin PBXGroup section */
		080E96DDFE201D6D7F000001 /* Source */ = {
			isa = PBXGroup;
			children = (
				BF3B8D68173A19EA00377DF5 /* ServerApp.cpp */,
			);
			name = Source;
			sourceTree = "<group>";
		};
		1058C7A0FEA54F0111CA2CBB /* Linked Frameworks */ = {
			isa = PBXGroup;
			children = (
				3C1C7D6C1AC9FE3C00F41619 /* CoreMedia.framework */,
				3C1C7D6A1AC9FE3200F41619 /* AVFoundation.framework */,
				00E9FF3415AFD8E700D02D22 /* CoreLocation.framework */,
				00C073570FF32F8B004801EA /* Accelerate.framework */,
				00C073580FF32F8B004801EA /* AudioToolbox.framework */,
				00C073590FF32F8B004801EA /* AudioUnit.framework */,
				00C0735A0FF32F8B004801EA /* CoreAudio.framework */,
				00E0B6140F60DE8F002C8FBD /* ApplicationServices.framework */,
				0097E3E40F3E9819005A4392 /* QuickTime.framework */,
				5323E6B50EAFCA7E003A9687 /* QTKit.framework */,
				5323E6B10EAFCA74003A9687 /* CoreVideo.framework */,
				53E3CDFB0E86099300238D2B /* Carbon.framework */,
				0091D8F80E81B9330029341E /* OpenGL.framework */,
				1058C7A1FEA54F0111CA2CBB /* Cocoa.framework */,
			);
			name = "Linked Frameworks";
			sourceTree = "<group>";
		};
		1058C7A2FEA54F0111CA2CBB /* Other Frameworks */ = {
			isa = PBXGroup;
			children = (
				29B97324FDCFA39411CA2CEA /* AppKit.framework */,
				13E42FB307B3F0F600E4EEF1 /* CoreData.framework */,
				29B97325FDCFA39411CA2CEA /* Foundation.framework */,
			);
			name = "Other Frameworks";
			sourceTree = "<group>";
		};
		19C28FACFE9D520D11CA2CBB /* Products */ = {
			isa = PBXGroup;
			children = (
				8D1107320486CEB800E47090 /* ServerApp.app */,
			);
			name = Products;
			sourceTree = "<group>";
		};
		29B97314FDCFA39411CA2CEA /* basicApp */ = {
			isa = PBXGroup;
			children = (
				BF3B8C67173A18AC00377DF5 /* Blocks */,
				080E96DDFE201D6D7F000001 /* Source */,
				29B97315FDCFA39411CA2CEA /* Other Sources */,
				29B97317FDCFA39411CA2CEA /* Resources */,
				29B97323FDCFA39411CA2CEA /* Frameworks */,
				19C28FACFE9D520D11CA2CBB /* Products */,
			);
			name = basicApp;
			sourceTree = "<group>";
		};
		29B97315FDCFA39411CA2CEA /* Other Sources */ = {
			isa = PBXGroup;
			children = (
				32CA4F630368D1EE00C91783 /* ServerApp_Prefix.pch */,
			);
			name = "Other Sources";
			sourceTree = "<group>";
		};
		29B97317FDCFA39411CA2CEA /* Resources */ = {
			isa = PBXGroup;
			children = (
				BF3B8D6A173A1A0000377DF5 /* CinderApp.icns */,
				8D1107310486CEB800E47090 /* Info.plist */,
			);
			name = Resources;
			sourceTree = "<group>";
		};
		29B97323FDCFA39411CA2CEA /* Frameworks */ = {
			isa = PBXGroup;
			children = (
				1058C7A0FEA54F0111CA2CBB /* Linked Frameworks */,
				1058C7A2FEA54F0111CA2CBB /* Other Frameworks */,
			);
			name = Frameworks;
			sourceTree = "<group>";
		};
		3C1C7CFB1AC9D03600F41619 /* websocketpp */ = {
			isa = PBXGroup;
			children = (
				3C1C7CFC1AC9D03600F41619 /* base64 */,
				3C1C7CFE1AC9D03600F41619 /* client.hpp */,
				3C1C7CFF1AC9D03600F41619 /* close.hpp */,
				3C1C7D001AC9D03600F41619 /* CMakeLists.txt */,
				3C1C7D011AC9D03600F41619 /* common */,
				3C1C7D101AC9D03600F41619 /* concurrency */,
				3C1C7D131AC9D03600F41619 /* config */,
				3C1C7D201AC9D03600F41619 /* connection.hpp */,
				3C1C7D211AC9D03600F41619 /* connection_base.hpp */,
				3C1C7D221AC9D03600F41619 /* endpoint.hpp */,
				3C1C7D231AC9D03600F41619 /* endpoint_base.hpp */,
				3C1C7D241AC9D03600F41619 /* error.hpp */,
				3C1C7D251AC9D03600F41619 /* error_container.hpp */,
				3C1C7D261AC9D03600F41619 /* extensions */,
				3C1C7D2B1AC9D03600F41619 /* frame.hpp */,
				3C1C7D2C1AC9D03600F41619 /* http */,
				3C1C7D351AC9D03600F41619 /* impl */,
				3C1C7D391AC9D03600F41619 /* logger */,
				3C1C7D3D1AC9D03600F41619 /* message_buffer */,
				3C1C7D411AC9D03600F41619 /* processors */,
				3C1C7D481AC9D03600F41619 /* random */,
				3C1C7D4B1AC9D03600F41619 /* roles */,
				3C1C7D4E1AC9D03600F41619 /* server.hpp */,
				3C1C7D4F1AC9D03600F41619 /* sha1 */,
				3C1C7D511AC9D03600F41619 /* transport */,
				3C1C7D651AC9D03600F41619 /* uri.hpp */,
				3C1C7D661AC9D03600F41619 /* utf8_validator.hpp */,
				3C1C7D671AC9D03600F41619 /* utilities.hpp */,
				3C1C7D681AC9D03600F41619 /* version.hpp */,
			);
			name = websocketpp;
			path = ../../../src/websocketpp;
			sourceTree = "<group>";
		};
		3C1C7CFC1AC9D03600F41619 /* base64 */ = {
			isa = PBXGroup;
			children = (
				3C1C7CFD1AC9D03600F41619 /* base64.hpp */,
			);
			path = base64;
			sourceTree = "<group>";
		};
		3C1C7D011AC9D03600F41619 /* common */ = {
			isa = PBXGroup;
			children = (
				3C1C7D021AC9D03600F41619 /* chrono.hpp */,
				3C1C7D031AC9D03600F41619 /* connection_hdl.hpp */,
				3C1C7D041AC9D03600F41619 /* cpp11.hpp */,
				3C1C7D051AC9D03600F41619 /* functional.hpp */,
				3C1C7D061AC9D03600F41619 /* md5.hpp */,
				3C1C7D071AC9D03600F41619 /* memory.hpp */,
				3C1C7D081AC9D03600F41619 /* network.hpp */,
				3C1C7D091AC9D03600F41619 /* platforms.hpp */,
				3C1C7D0A1AC9D03600F41619 /* random.hpp */,
				3C1C7D0B1AC9D03600F41619 /* regex.hpp */,
				3C1C7D0C1AC9D03600F41619 /* stdint.hpp */,
				3C1C7D0D1AC9D03600F41619 /* system_error.hpp */,
				3C1C7D0E1AC9D03600F41619 /* thread.hpp */,
				3C1C7D0F1AC9D03600F41619 /* time.hpp */,
			);
			path = common;
			sourceTree = "<group>";
		};
		3C1C7D101AC9D03600F41619 /* concurrency */ = {
			isa = PBXGroup;
			children = (
				3C1C7D111AC9D03600F41619 /* basic.hpp */,
				3C1C7D121AC9D03600F41619 /* none.hpp */,
			);
			path = concurrency;
			sourceTree = "<group>";
		};
		3C1C7D131AC9D03600F41619 /* config */ = {
			isa = PBXGroup;
			children = (
				3C1C7D141AC9D03600F41619 /* asio.hpp */,
				3C1C7D151AC9D03600F41619 /* asio_client.hpp */,
				3C1C7D161AC9D03600F41619 /* asio_no_tls.hpp */,
				3C1C7D171AC9D03600F41619 /* asio_no_tls_client.hpp */,
				3C1C7D181AC9D03600F41619 /* boost_config.hpp */,
				3C1C7D191AC9D03600F41619 /* core.hpp */,
				3C1C7D1A1AC9D03600F41619 /* core_client.hpp */,
				3C1C7D1B1AC9D03600F41619 /* debug.hpp */,
				3C1C7D1C1AC9D03600F41619 /* debug_asio.hpp */,
				3C1C7D1D1AC9D03600F41619 /* debug_asio_no_tls.hpp */,
				3C1C7D1E1AC9D03600F41619 /* minimal_client.hpp */,
				3C1C7D1F1AC9D03600F41619 /* minimal_server.hpp */,
			);
			path = config;
			sourceTree = "<group>";
		};
		3C1C7D261AC9D03600F41619 /* extensions */ = {
			isa = PBXGroup;
			children = (
				3C1C7D271AC9D03600F41619 /* extension.hpp */,
				3C1C7D281AC9D03600F41619 /* permessage_deflate */,
			);
			path = extensions;
			sourceTree = "<group>";
		};
		3C1C7D281AC9D03600F41619 /* permessage_deflate */ = {
			isa = PBXGroup;
			children = (
				3C1C7D291AC9D03600F41619 /* disabled.hpp */,
				3C1C7D2A1AC9D03600F41619 /* enabled.hpp */,
			);
			path = permessage_deflate;
			sourceTree = "<group>";
		};
		3C1C7D2C1AC9D03600F41619 /* http */ = {
			isa = PBXGroup;
			children = (
				3C1C7D2D1AC9D03600F41619 /* constants.hpp */,
				3C1C7D2E1AC9D03600F41619 /* impl */,
				3C1C7D321AC9D03600F41619 /* parser.hpp */,
				3C1C7D331AC9D03600F41619 /* request.hpp */,
				3C1C7D341AC9D03600F41619 /* response.hpp */,
			);
			path = http;
			sourceTree = "<group>";
		};
		3C1C7D2E1AC9D03600F41619 /* impl */ = {
			isa = PBXGroup;
			children = (
				3C1C7D2F1AC9D03600F41619 /* parser.hpp */,
				3C1C7D301AC9D03600F41619 /* request.hpp */,
				3C1C7D311AC9D03600F41619 /* response.hpp */,
			);
			path = impl;
			sourceTree = "<group>";
		};
		3C1C7D351AC9D03600F41619 /* impl */ = {
			isa = PBXGroup;
			children = (
				3C1C7D361AC9D03600F41619 /* connection_impl.hpp */,
				3C1C7D371AC9D03600F41619 /* endpoint_impl.hpp */,
				3C1C7D381AC9D03600F41619 /* utilities_impl.hpp */,
			);
			path = impl;
			sourceTree = "<group>";
		};
		3C1C7D391AC9D03600F41619 /* logger */ = {
			isa = PBXGroup;
			children = (
				3C1C7D3A1AC9D03600F41619 /* basic.hpp */,
				3C1C7D3B1AC9D03600F41619 /* levels.hpp */,
				3C1C7D3C1AC9D03600F41619 /* stub.hpp */,
			);
			path = logger;
			sourceTree = "<group>";
		};
		3C1C7D3D1AC9D03600F41619 /* message_buffer */ = {
			isa = PBXGroup;
			children = (
				3C1C7D3E1AC9D03600F41619 /* alloc.hpp */,
				3C1C7D3F1AC9D03600F41619 /* message.hpp */,
				3C1C7D401AC9D03600F41619 /* pool.hpp */,
			);
			path = message_buffer;
			sourceTree = "<group>";
		};
		3C1C7D411AC9D03600F41619 /* processors */ = {
			isa = PBXGroup;
			children = (
				3C1C7D421AC9D03600F41619 /* base.hpp */,
				3C1C7D431AC9D03600F41619 /* hybi00.hpp */,
				3C1C7D441AC9D03600F41619 /* hybi07.hpp */,
				3C1C7D451AC9D03600F41619 /* hybi08.hpp */,
				3C1C7D461AC9D03600F41619 /* hybi13.hpp */,
				3C1C7D471AC9D03600F41619 /* processor.hpp */,
			);
			path = processors;
			sourceTree = "<group>";
		};
		3C1C7D481AC9D03600F41619 /* random */ = {
			isa = PBXGroup;
			children = (
				3C1C7D491AC9D03600F41619 /* none.hpp */,
				3C1C7D4A1AC9D03600F41619 /* random_device.hpp */,
			);
			path = random;
			sourceTree = "<group>";
		};
		3C1C7D4B1AC9D03600F41619 /* roles */ = {
			isa = PBXGroup;
			children = (
				3C1C7D4C1AC9D03600F41619 /* client_endpoint.hpp */,
				3C1C7D4D1AC9D03600F41619 /* server_endpoint.hpp */,
			);
			path = roles;
			sourceTree = "<group>";
		};
		3C1C7D4F1AC9D03600F41619 /* sha1 */ = {
			isa = PBXGroup;
			children = (
				3C1C7D501AC9D03600F41619 /* sha1.hpp */,
			);
			path = sha1;
			sourceTree = "<group>";
		};
		3C1C7D511AC9D03600F41619 /* transport */ = {
			isa = PBXGroup;
			children = (
				3C1C7D521AC9D03600F41619 /* asio */,
				3C1C7D5A1AC9D03600F41619 /* base */,
				3C1C7D5D1AC9D03600F41619 /* iostream */,
				3C1C7D611AC9D03600F41619 /* stub */,
			);
			path = transport;
			sourceTree = "<group>";
		};
		3C1C7D521AC9D03600F41619 /* asio */ = {
			isa = PBXGroup;
			children = (
				3C1C7D531AC9D03600F41619 /* base.hpp */,
				3C1C7D541AC9D03600F41619 /* connection.hpp */,
				3C1C7D551AC9D03600F41619 /* endpoint.hpp */,
				3C1C7D561AC9D03600F41619 /* security */,
			);
			path = asio;
			sourceTree = "<group>";
		};
		3C1C7D561AC9D03600F41619 /* security */ = {
			isa = PBXGroup;
			children = (
				3C1C7D571AC9D03600F41619 /* base.hpp */,
				3C1C7D581AC9D03600F41619 /* none.hpp */,
				3C1C7D591AC9D03600F41619 /* tls.hpp */,
			);
			path = security;
			sourceTree = "<group>";
		};
		3C1C7D5A1AC9D03600F41619 /* base */ = {
			isa = PBXGroup;
			children = (
				3C1C7D5B1AC9D03600F41619 /* connection.hpp */,
				3C1C7D5C1AC9D03600F41619 /* endpoint.hpp */,
			);
			path = base;
			sourceTree = "<group>";
		};
		3C1C7D5D1AC9D03600F41619 /* iostream */ = {
			isa = PBXGroup;
			children = (
				3C1C7D5E1AC9D03600F41619 /* base.hpp */,
				3C1C7D5F1AC9D03600F41619 /* connection.hpp */,
				3C1C7D601AC9D03600F41619 /* endpoint.hpp */,
			);
			path = iostream;
			sourceTree = "<group>";
		};
		3C1C7D611AC9D03600F41619 /* stub */ = {
			isa = PBXGroup;
			children = (
				3C1C7D621AC9D03600F41619 /* base.hpp */,
				3C1C7D631AC9D03600F41619 /* connection.hpp */,
				3C1C7D641AC9D03600F41619 /* endpoint.hpp */,
			);
			path = stub;
			sourceTree = "<group>";
		};
		BF3B8C67173A18AC00377DF5 /* Blocks */ = {
			isa = PBXGroup;
			children = (
				BF3B8C69173A18CC00377DF5 /* Cinder-WebSocketPP */,
			);
			name = Blocks;
			sourceTree = "<group>";
		};
		BF3B8C69173A18CC00377DF5 /* Cinder-WebSocketPP */ = {
			isa = PBXGroup;
			children = (
				3C1C7CFB1AC9D03600F41619 /* websocketpp */,
				BF3B8CEA173A19DA00377DF5 /* WebSocketClient.cpp */,
				BF3B8CEB173A19DA00377DF5 /* WebSocketClient.h */,
				AE2F0EDE174D664900EC61B1 /* WebSocketConnection.h */,
				AE2F0EDF174D66A500EC61B1 /* WebSocketConnection.cpp */,
				AE2F0EDB174D5E0200EC61B1 /* WebSocketServer.cpp */,
				AE2F0EDC174D5E0200EC61B1 /* WebSocketServer.h */,
			);
			name = "Cinder-WebSocketPP";
			sourceTree = "<group>";
		};
/* End PBXGroup section */

/* Begin PBXNativeTarget section */
		8D1107260486CEB800E47090 /* ServerApp */ = {
			isa = PBXNativeTarget;
			buildConfigurationList = C01FCF4A08A954540054247B /* Build configuration list for PBXNativeTarget "ServerApp" */;
			buildPhases = (
				8D1107290486CEB800E47090 /* Resources */,
				8D11072C0486CEB800E47090 /* Sources */,
				8D11072E0486CEB800E47090 /* Frameworks */,
			);
			buildRules = (
			);
			dependencies = (
			);
			name = ServerApp;
			productInstallPath = "$(HOME)/Applications";
			productName = basicApp;
			productReference = 8D1107320486CEB800E47090 /* ServerApp.app */;
			productType = "com.apple.product-type.application";
		};
/* End PBXNativeTarget section */

/* Begin PBXProject section */
		29B97313FDCFA39411CA2CEA /* Project object */ = {
			isa = PBXProject;
			attributes = {
				LastUpgradeCheck = 0620;
			};
			buildConfigurationList = C01FCF4E08A954540054247B /* Build configuration list for PBXProject "ServerApp" */;
			compatibilityVersion = "Xcode 3.2";
			developmentRegion = English;
			hasScannedForEncodings = 1;
			knownRegions = (
				English,
				Japanese,
				French,
				German,
			);
			mainGroup = 29B97314FDCFA39411CA2CEA /* basicApp */;
			projectDirPath = "";
			projectRoot = "";
			targets = (
				8D1107260486CEB800E47090 /* ServerApp */,
			);
		};
/* End PBXProject section */

/* Begin PBXResourcesBuildPhase section */
		8D1107290486CEB800E47090 /* Resources */ = {
			isa = PBXResourcesBuildPhase;
			buildActionMask = 2147483647;
			files = (
				3C1C7D691AC9D03600F41619 /* CMakeLists.txt in Resources */,
				BF3B8D6B173A1A0000377DF5 /* CinderApp.icns in Resources */,
			);
			runOnlyForDeploymentPostprocessing = 0;
		};
/* End PBXResourcesBuildPhase section */

/* Begin PBXSourcesBuildPhase section */
		8D11072C0486CEB800E47090 /* Sources */ = {
			isa = PBXSourcesBuildPhase;
			buildActionMask = 2147483647;
			files = (
				BF3B8D5E173A19DB00377DF5 /* WebSocketClient.cpp in Sources */,
				BF3B8D69173A19EA00377DF5 /* ServerApp.cpp in Sources */,
				AE2F0EDD174D5E0200EC61B1 /* WebSocketServer.cpp in Sources */,
				AE2F0EE0174D66A500EC61B1 /* WebSocketConnection.cpp in Sources */,
			);
			runOnlyForDeploymentPostprocessing = 0;
		};
/* End PBXSourcesBuildPhase section */

/* Begin XCBuildConfiguration section */
		C01FCF4B08A954540054247B /* Debug */ = {
			isa = XCBuildConfiguration;
			buildSettings = {
				CINDER_PATH = ../../../../../Cinder;
				CLANG_CXX_LIBRARY = "libc++";
				COMBINE_HIDPI_IMAGES = YES;
				COPY_PHASE_STRIP = NO;
				DEAD_CODE_STRIPPING = NO;
				DEBUG_INFORMATION_FORMAT = dwarf;
				GCC_DYNAMIC_NO_PIC = NO;
				GCC_INLINES_ARE_PRIVATE_EXTERN = YES;
				GCC_OPTIMIZATION_LEVEL = 0;
				GCC_PRECOMPILE_PREFIX_HEADER = YES;
				GCC_PREFIX_HEADER = ServerApp_Prefix.pch;
				GCC_SYMBOLS_PRIVATE_EXTERN = NO;
				INFOPLIST_FILE = Info.plist;
				INSTALL_PATH = "$(HOME)/Applications";
				LIBRARY_SEARCH_PATHS = ../../../lib/macosx;
				OTHER_LDFLAGS = (
					"$(CINDER_PATH)/lib/libcinder_d.a",
					../../../lib/macosx/libboost_random.a,
					../../../lib/macosx/libboost_regex.a,
				);
				PRODUCT_NAME = ServerApp;
				SDKROOT = macosx;
				USER_HEADER_SEARCH_PATHS = "$(CINDER_PATH)/include ../../../src";
				WRAPPER_EXTENSION = app;
			};
			name = Debug;
		};
		C01FCF4C08A954540054247B /* Release */ = {
			isa = XCBuildConfiguration;
			buildSettings = {
				CINDER_PATH = ../../../../../Cinder;
				CLANG_CXX_LIBRARY = "libc++";
				COMBINE_HIDPI_IMAGES = YES;
				DEAD_CODE_STRIPPING = YES;
				DEBUG_INFORMATION_FORMAT = dwarf;
				GCC_FAST_MATH = YES;
				GCC_INLINES_ARE_PRIVATE_EXTERN = YES;
				GCC_OPTIMIZATION_LEVEL = 3;
				GCC_PRECOMPILE_PREFIX_HEADER = YES;
				GCC_PREFIX_HEADER = ServerApp_Prefix.pch;
				GCC_SYMBOLS_PRIVATE_EXTERN = NO;
				INFOPLIST_FILE = Info.plist;
				INSTALL_PATH = "$(HOME)/Applications";
				LD_GENERATE_MAP_FILE = YES;
				LIBRARY_SEARCH_PATHS = ../../../lib/macosx;
				OTHER_CPLUSPLUSFLAGS = "$(OTHER_CFLAGS)";
				OTHER_LDFLAGS = (
					"$(CINDER_PATH)/lib/libcinder.a",
					../../../lib/macosx/libboost_random.a,
					../../../lib/macosx/libboost_regex.a,
				);
				PRESERVE_DEAD_CODE_INITS_AND_TERMS = NO;
				PRODUCT_NAME = ServerApp;
				SDKROOT = macosx;
				STRIP_INSTALLED_PRODUCT = YES;
				USER_HEADER_SEARCH_PATHS = "$(CINDER_PATH)/include ../../../src";
				WRAPPER_EXTENSION = app;
			};
			name = Release;
		};
		C01FCF4F08A954540054247B /* Debug */ = {
			isa = XCBuildConfiguration;
			buildSettings = {
				CINDER_PATH = ../../../../..;
				CLANG_CXX_LANGUAGE_STANDARD = "c++0x";
				GCC_WARN_ABOUT_RETURN_TYPE = YES;
				GCC_WARN_UNUSED_VARIABLE = YES;
				HEADER_SEARCH_PATHS = "$(CINDER_PATH)/boost";
				LIBRARY_SEARCH_PATHS = "$(CINDER_PATH)/blocks/Cinder-WebSocketPP/lib/macosx";
				MACOSX_DEPLOYMENT_TARGET = 10.7;
				ONLY_ACTIVE_ARCH = YES;
				OTHER_LDFLAGS = "";
				SDKROOT = macosx;
				SYMROOT = ./build;
				USER_HEADER_SEARCH_PATHS = "$(CINDER_PATH)/include $(CINDER_PATH)/blocks/Cinder-WebSocketPP/src";
			};
			name = Debug;
		};
		C01FCF5008A954540054247B /* Release */ = {
			isa = XCBuildConfiguration;
			buildSettings = {
				CINDER_PATH = ../../../../..;
				CLANG_CXX_LANGUAGE_STANDARD = "c++0x";
				GCC_WARN_ABOUT_RETURN_TYPE = YES;
				GCC_WARN_UNUSED_VARIABLE = YES;
				HEADER_SEARCH_PATHS = "$(CINDER_PATH)/boost";
				LIBRARY_SEARCH_PATHS = "$(CINDER_PATH)/blocks/Cinder-WebSocketPP/lib/macosx";
				MACOSX_DEPLOYMENT_TARGET = 10.7;
				OTHER_LDFLAGS = "";
				SDKROOT = macosx;
				SYMROOT = ./build;
				USER_HEADER_SEARCH_PATHS = "$(CINDER_PATH)/include $(CINDER_PATH)/blocks/Cinder-WebSocketPP/src";
			};
			name = Release;
		};
/* End XCBuildConfiguration section */

/* Begin XCConfigurationList section */
		C01FCF4A08A954540054247B /* Build configuration list for PBXNativeTarget "ServerApp" */ = {
			isa = XCConfigurationList;
			buildConfigurations = (
				C01FCF4B08A954540054247B /* Debug */,
				C01FCF4C08A954540054247B /* Release */,
			);
			defaultConfigurationIsVisible = 0;
			defaultConfigurationName = Release;
		};
		C01FCF4E08A954540054247B /* Build configuration list for PBXProject "ServerApp" */ = {
			isa = XCConfigurationList;
			buildConfigurations = (
				C01FCF4F08A954540054247B /* Debug */,
				C01FCF5008A954540054247B /* Release */,
			);
			defaultConfigurationIsVisible = 0;
			defaultConfigurationName = Release;
		};
/* End XCConfigurationList section */
	};
	rootObject = 29B97313FDCFA39411CA2CEA /* Project object */;
}
